// !$*UTF8*$!
{
	archiveVersion = 1;
	classes = {
	};
	objectVersion = 46;
	objects = {

/* Begin PBXBuildFile section */
		34F975F80296B5789ED77BBF /* libPods-ELUnion_Example.a in Frameworks */ = {isa = PBXBuildFile; fileRef = 4A9C8227971A6C6169787E39 /* libPods-ELUnion_Example.a */; };
		3710434A1DCDDB20001AA075 /* LoadingViewTestViewController.m in Sources */ = {isa = PBXBuildFile; fileRef = 371043491DCDDB20001AA075 /* LoadingViewTestViewController.m */; };
		372C8CCF1DD2165F008069E8 /* ELNavigationController.m in Sources */ = {isa = PBXBuildFile; fileRef = 372C8CCE1DD2165F008069E8 /* ELNavigationController.m */; };
		372C8CD21DD2167D008069E8 /* ELNavigationRootViewController.m in Sources */ = {isa = PBXBuildFile; fileRef = 372C8CD11DD2167D008069E8 /* ELNavigationRootViewController.m */; };
		6003F58E195388D20070C39A /* Foundation.framework in Frameworks */ = {isa = PBXBuildFile; fileRef = 6003F58D195388D20070C39A /* Foundation.framework */; };
		6003F590195388D20070C39A /* CoreGraphics.framework in Frameworks */ = {isa = PBXBuildFile; fileRef = 6003F58F195388D20070C39A /* CoreGraphics.framework */; };
		6003F592195388D20070C39A /* UIKit.framework in Frameworks */ = {isa = PBXBuildFile; fileRef = 6003F591195388D20070C39A /* UIKit.framework */; };
		6003F598195388D20070C39A /* InfoPlist.strings in Resources */ = {isa = PBXBuildFile; fileRef = 6003F596195388D20070C39A /* InfoPlist.strings */; };
		6003F59A195388D20070C39A /* main.m in Sources */ = {isa = PBXBuildFile; fileRef = 6003F599195388D20070C39A /* main.m */; };
		6003F59E195388D20070C39A /* ELAppDelegate.m in Sources */ = {isa = PBXBuildFile; fileRef = 6003F59D195388D20070C39A /* ELAppDelegate.m */; };
		6003F5A9195388D20070C39A /* Images.xcassets in Resources */ = {isa = PBXBuildFile; fileRef = 6003F5A8195388D20070C39A /* Images.xcassets */; };
		6003F5B0195388D20070C39A /* XCTest.framework in Frameworks */ = {isa = PBXBuildFile; fileRef = 6003F5AF195388D20070C39A /* XCTest.framework */; };
		6003F5B1195388D20070C39A /* Foundation.framework in Frameworks */ = {isa = PBXBuildFile; fileRef = 6003F58D195388D20070C39A /* Foundation.framework */; };
		6003F5B2195388D20070C39A /* UIKit.framework in Frameworks */ = {isa = PBXBuildFile; fileRef = 6003F591195388D20070C39A /* UIKit.framework */; };
		6003F5BA195388D20070C39A /* InfoPlist.strings in Resources */ = {isa = PBXBuildFile; fileRef = 6003F5B8195388D20070C39A /* InfoPlist.strings */; };
		6003F5BC195388D20070C39A /* Tests.m in Sources */ = {isa = PBXBuildFile; fileRef = 6003F5BB195388D20070C39A /* Tests.m */; };
		9900D0521DD565F800FD626C /* ShareTestViewController.m in Sources */ = {isa = PBXBuildFile; fileRef = 9900D0511DD565F800FD626C /* ShareTestViewController.m */; };
		9900D0561DD56B2200FD626C /* 方框橙色.png in Resources */ = {isa = PBXBuildFile; fileRef = 9900D0551DD56B2200FD626C /* 方框橙色.png */; };
		9930823B1DD41C8400DEF975 /* PresentTestViewController.m in Sources */ = {isa = PBXBuildFile; fileRef = 9930823A1DD41C8400DEF975 /* PresentTestViewController.m */; };
		9930823E1DD41C9700DEF975 /* DismissTestViewController.m in Sources */ = {isa = PBXBuildFile; fileRef = 9930823D1DD41C9700DEF975 /* DismissTestViewController.m */; };
		99A2D7081DD9C0C7002379A7 /* NewsCardTestViewController.m in Sources */ = {isa = PBXBuildFile; fileRef = 99A2D7071DD9C0C7002379A7 /* NewsCardTestViewController.m */; };
		99C532331DC885D90068A114 /* AlertContainerViewController.m in Sources */ = {isa = PBXBuildFile; fileRef = 99C5321C1DC885D90068A114 /* AlertContainerViewController.m */; };
		99C532341DC885D90068A114 /* AlertContainerViewController.xib in Resources */ = {isa = PBXBuildFile; fileRef = 99C5321D1DC885D90068A114 /* AlertContainerViewController.xib */; };
		99C532351DC885D90068A114 /* ContainerViewController.m in Sources */ = {isa = PBXBuildFile; fileRef = 99C5321F1DC885D90068A114 /* ContainerViewController.m */; };
		99C532361DC885D90068A114 /* ELRootTableViewController.m in Sources */ = {isa = PBXBuildFile; fileRef = 99C532211DC885D90068A114 /* ELRootTableViewController.m */; };
		99C532371DC885D90068A114 /* FlexableViewController.m in Sources */ = {isa = PBXBuildFile; fileRef = 99C532231DC885D90068A114 /* FlexableViewController.m */; };
		99C532381DC885D90068A114 /* FlexableViewController.xib in Resources */ = {isa = PBXBuildFile; fileRef = 99C532241DC885D90068A114 /* FlexableViewController.xib */; };
		99C532391DC885D90068A114 /* FourthViewController.m in Sources */ = {isa = PBXBuildFile; fileRef = 99C532261DC885D90068A114 /* FourthViewController.m */; };
		99C5323A1DC885D90068A114 /* FourthViewController.xib in Resources */ = {isa = PBXBuildFile; fileRef = 99C532271DC885D90068A114 /* FourthViewController.xib */; };
		99C5323B1DC885D90068A114 /* LaunchScreen.storyboard in Resources */ = {isa = PBXBuildFile; fileRef = 99C532281DC885D90068A114 /* LaunchScreen.storyboard */; };
		99C5323C1DC885D90068A114 /* Main.storyboard in Resources */ = {isa = PBXBuildFile; fileRef = 99C532291DC885D90068A114 /* Main.storyboard */; };
		99C5323D1DC885D90068A114 /* SecondViewController.m in Sources */ = {isa = PBXBuildFile; fileRef = 99C5322B1DC885D90068A114 /* SecondViewController.m */; };
		99C5323E1DC885D90068A114 /* SecondViewController.xib in Resources */ = {isa = PBXBuildFile; fileRef = 99C5322C1DC885D90068A114 /* SecondViewController.xib */; };
		99C5323F1DC885D90068A114 /* SubViewcontroller.m in Sources */ = {isa = PBXBuildFile; fileRef = 99C5322E1DC885D90068A114 /* SubViewcontroller.m */; };
		99C532401DC885D90068A114 /* SubViewcontroller.xib in Resources */ = {isa = PBXBuildFile; fileRef = 99C5322F1DC885D90068A114 /* SubViewcontroller.xib */; };
		99C532411DC885D90068A114 /* ThirdViewController.m in Sources */ = {isa = PBXBuildFile; fileRef = 99C532311DC885D90068A114 /* ThirdViewController.m */; };
		99C532421DC885D90068A114 /* ThirdViewController.xib in Resources */ = {isa = PBXBuildFile; fileRef = 99C532321DC885D90068A114 /* ThirdViewController.xib */; };
		99C532491DC88C750068A114 /* UIControlTestViewController.m in Sources */ = {isa = PBXBuildFile; fileRef = 99C532481DC88C750068A114 /* UIControlTestViewController.m */; };
		99D831C11DDD8FD200531EAF /* PushPopTest1ViewController.m in Sources */ = {isa = PBXBuildFile; fileRef = 99D831C01DDD8FD200531EAF /* PushPopTest1ViewController.m */; };
		99D831C41DDD8FE400531EAF /* PushPopTest2ViewController.m in Sources */ = {isa = PBXBuildFile; fileRef = 99D831C31DDD8FE400531EAF /* PushPopTest2ViewController.m */; };
		99D831C71DDD8FFA00531EAF /* PushPopTest3ViewController.m in Sources */ = {isa = PBXBuildFile; fileRef = 99D831C61DDD8FFA00531EAF /* PushPopTest3ViewController.m */; };
		99D831CA1DDD900F00531EAF /* PushPopTest4ViewController.m in Sources */ = {isa = PBXBuildFile; fileRef = 99D831C91DDD900F00531EAF /* PushPopTest4ViewController.m */; };
		99D831E91DDEEEFC00531EAF /* ContextBasedContainerViewController.m in Sources */ = {isa = PBXBuildFile; fileRef = 99D831E81DDEEEFC00531EAF /* ContextBasedContainerViewController.m */; };
		99F207CF1DCAE14D002AE993 /* ScrollTitleBarTestViewController.m in Sources */ = {isa = PBXBuildFile; fileRef = 99F207CE1DCAE14D002AE993 /* ScrollTitleBarTestViewController.m */; };
		99F207DD1DCB1AF8002AE993 /* FlexCollectionViewCell.m in Sources */ = {isa = PBXBuildFile; fileRef = 99F207DB1DCB1AF8002AE993 /* FlexCollectionViewCell.m */; };
/* End PBXBuildFile section */

/* Begin PBXContainerItemProxy section */
		6003F5B3195388D20070C39A /* PBXContainerItemProxy */ = {
			isa = PBXContainerItemProxy;
			containerPortal = 6003F582195388D10070C39A /* Project object */;
			proxyType = 1;
			remoteGlobalIDString = 6003F589195388D20070C39A;
			remoteInfo = ELUnion;
		};
/* End PBXContainerItemProxy section */

/* Begin PBXFileReference section */
		24226095BD96CBE22F630693 /* README.md */ = {isa = PBXFileReference; includeInIndex = 1; lastKnownFileType = net.daringfireball.markdown; name = README.md; path = ../README.md; sourceTree = "<group>"; };
		36761A0343DD8E36C6A22636 /* Pods-ELUnion_Example.release.xcconfig */ = {isa = PBXFileReference; includeInIndex = 1; lastKnownFileType = text.xcconfig; name = "Pods-ELUnion_Example.release.xcconfig"; path = "Pods/Target Support Files/Pods-ELUnion_Example/Pods-ELUnion_Example.release.xcconfig"; sourceTree = "<group>"; };
		371043481DCDDB20001AA075 /* LoadingViewTestViewController.h */ = {isa = PBXFileReference; fileEncoding = 4; lastKnownFileType = sourcecode.c.h; path = LoadingViewTestViewController.h; sourceTree = "<group>"; };
		371043491DCDDB20001AA075 /* LoadingViewTestViewController.m */ = {isa = PBXFileReference; fileEncoding = 4; lastKnownFileType = sourcecode.c.objc; path = LoadingViewTestViewController.m; sourceTree = "<group>"; };
		372C8CCD1DD2165F008069E8 /* ELNavigationController.h */ = {isa = PBXFileReference; fileEncoding = 4; lastKnownFileType = sourcecode.c.h; path = ELNavigationController.h; sourceTree = "<group>"; };
		372C8CCE1DD2165F008069E8 /* ELNavigationController.m */ = {isa = PBXFileReference; fileEncoding = 4; lastKnownFileType = sourcecode.c.objc; path = ELNavigationController.m; sourceTree = "<group>"; };
		372C8CD01DD2167D008069E8 /* ELNavigationRootViewController.h */ = {isa = PBXFileReference; fileEncoding = 4; lastKnownFileType = sourcecode.c.h; path = ELNavigationRootViewController.h; sourceTree = "<group>"; };
		372C8CD11DD2167D008069E8 /* ELNavigationRootViewController.m */ = {isa = PBXFileReference; fileEncoding = 4; lastKnownFileType = sourcecode.c.objc; path = ELNavigationRootViewController.m; sourceTree = "<group>"; };
		4A9C8227971A6C6169787E39 /* libPods-ELUnion_Example.a */ = {isa = PBXFileReference; explicitFileType = archive.ar; includeInIndex = 0; path = "libPods-ELUnion_Example.a"; sourceTree = BUILT_PRODUCTS_DIR; };
		6003F58A195388D20070C39A /* ELUnion_Example.app */ = {isa = PBXFileReference; explicitFileType = wrapper.application; includeInIndex = 0; path = ELUnion_Example.app; sourceTree = BUILT_PRODUCTS_DIR; };
		6003F58D195388D20070C39A /* Foundation.framework */ = {isa = PBXFileReference; lastKnownFileType = wrapper.framework; name = Foundation.framework; path = System/Library/Frameworks/Foundation.framework; sourceTree = SDKROOT; };
		6003F58F195388D20070C39A /* CoreGraphics.framework */ = {isa = PBXFileReference; lastKnownFileType = wrapper.framework; name = CoreGraphics.framework; path = System/Library/Frameworks/CoreGraphics.framework; sourceTree = SDKROOT; };
		6003F591195388D20070C39A /* UIKit.framework */ = {isa = PBXFileReference; lastKnownFileType = wrapper.framework; name = UIKit.framework; path = System/Library/Frameworks/UIKit.framework; sourceTree = SDKROOT; };
		6003F595195388D20070C39A /* ELUnion-Info.plist */ = {isa = PBXFileReference; lastKnownFileType = text.plist.xml; path = "ELUnion-Info.plist"; sourceTree = "<group>"; };
		6003F597195388D20070C39A /* en */ = {isa = PBXFileReference; lastKnownFileType = text.plist.strings; name = en; path = en.lproj/InfoPlist.strings; sourceTree = "<group>"; };
		6003F599195388D20070C39A /* main.m */ = {isa = PBXFileReference; lastKnownFileType = sourcecode.c.objc; path = main.m; sourceTree = "<group>"; };
		6003F59B195388D20070C39A /* ELUnion-Prefix.pch */ = {isa = PBXFileReference; lastKnownFileType = sourcecode.c.h; path = "ELUnion-Prefix.pch"; sourceTree = "<group>"; };
		6003F59C195388D20070C39A /* ELAppDelegate.h */ = {isa = PBXFileReference; lastKnownFileType = sourcecode.c.h; path = ELAppDelegate.h; sourceTree = "<group>"; };
		6003F59D195388D20070C39A /* ELAppDelegate.m */ = {isa = PBXFileReference; lastKnownFileType = sourcecode.c.objc; path = ELAppDelegate.m; sourceTree = "<group>"; };
		6003F5A8195388D20070C39A /* Images.xcassets */ = {isa = PBXFileReference; lastKnownFileType = folder.assetcatalog; path = Images.xcassets; sourceTree = "<group>"; };
		6003F5AE195388D20070C39A /* ELUnion_Tests.xctest */ = {isa = PBXFileReference; explicitFileType = wrapper.cfbundle; includeInIndex = 0; path = ELUnion_Tests.xctest; sourceTree = BUILT_PRODUCTS_DIR; };
		6003F5AF195388D20070C39A /* XCTest.framework */ = {isa = PBXFileReference; lastKnownFileType = wrapper.framework; name = XCTest.framework; path = Library/Frameworks/XCTest.framework; sourceTree = DEVELOPER_DIR; };
		6003F5B7195388D20070C39A /* Tests-Info.plist */ = {isa = PBXFileReference; lastKnownFileType = text.plist.xml; path = "Tests-Info.plist"; sourceTree = "<group>"; };
		6003F5B9195388D20070C39A /* en */ = {isa = PBXFileReference; lastKnownFileType = text.plist.strings; name = en; path = en.lproj/InfoPlist.strings; sourceTree = "<group>"; };
		6003F5BB195388D20070C39A /* Tests.m */ = {isa = PBXFileReference; lastKnownFileType = sourcecode.c.objc; path = Tests.m; sourceTree = "<group>"; };
		606FC2411953D9B200FFA9A0 /* Tests-Prefix.pch */ = {isa = PBXFileReference; lastKnownFileType = sourcecode.c.h; path = "Tests-Prefix.pch"; sourceTree = "<group>"; };
		6071DDA1DFDC626563DDB019 /* ELUnion.podspec */ = {isa = PBXFileReference; includeInIndex = 1; lastKnownFileType = text; name = ELUnion.podspec; path = ../ELUnion.podspec; sourceTree = "<group>"; };
		9900D0501DD565F800FD626C /* ShareTestViewController.h */ = {isa = PBXFileReference; fileEncoding = 4; lastKnownFileType = sourcecode.c.h; path = ShareTestViewController.h; sourceTree = "<group>"; };
		9900D0511DD565F800FD626C /* ShareTestViewController.m */ = {isa = PBXFileReference; fileEncoding = 4; lastKnownFileType = sourcecode.c.objc; path = ShareTestViewController.m; sourceTree = "<group>"; };
		9900D0551DD56B2200FD626C /* 方框橙色.png */ = {isa = PBXFileReference; lastKnownFileType = image.png; path = "方框橙色.png"; sourceTree = "<group>"; };
		993082391DD41C8400DEF975 /* PresentTestViewController.h */ = {isa = PBXFileReference; fileEncoding = 4; lastKnownFileType = sourcecode.c.h; path = PresentTestViewController.h; sourceTree = "<group>"; };
		9930823A1DD41C8400DEF975 /* PresentTestViewController.m */ = {isa = PBXFileReference; fileEncoding = 4; lastKnownFileType = sourcecode.c.objc; path = PresentTestViewController.m; sourceTree = "<group>"; };
		9930823C1DD41C9700DEF975 /* DismissTestViewController.h */ = {isa = PBXFileReference; fileEncoding = 4; lastKnownFileType = sourcecode.c.h; path = DismissTestViewController.h; sourceTree = "<group>"; };
		9930823D1DD41C9700DEF975 /* DismissTestViewController.m */ = {isa = PBXFileReference; fileEncoding = 4; lastKnownFileType = sourcecode.c.objc; path = DismissTestViewController.m; sourceTree = "<group>"; };
		99A2D7061DD9C0C7002379A7 /* NewsCardTestViewController.h */ = {isa = PBXFileReference; fileEncoding = 4; lastKnownFileType = sourcecode.c.h; path = NewsCardTestViewController.h; sourceTree = "<group>"; };
		99A2D7071DD9C0C7002379A7 /* NewsCardTestViewController.m */ = {isa = PBXFileReference; fileEncoding = 4; lastKnownFileType = sourcecode.c.objc; path = NewsCardTestViewController.m; sourceTree = "<group>"; };
		99C5321B1DC885D90068A114 /* AlertContainerViewController.h */ = {isa = PBXFileReference; fileEncoding = 4; lastKnownFileType = sourcecode.c.h; path = AlertContainerViewController.h; sourceTree = "<group>"; };
		99C5321C1DC885D90068A114 /* AlertContainerViewController.m */ = {isa = PBXFileReference; fileEncoding = 4; lastKnownFileType = sourcecode.c.objc; path = AlertContainerViewController.m; sourceTree = "<group>"; };
		99C5321D1DC885D90068A114 /* AlertContainerViewController.xib */ = {isa = PBXFileReference; fileEncoding = 4; lastKnownFileType = file.xib; path = AlertContainerViewController.xib; sourceTree = "<group>"; };
		99C5321E1DC885D90068A114 /* ContainerViewController.h */ = {isa = PBXFileReference; fileEncoding = 4; lastKnownFileType = sourcecode.c.h; path = ContainerViewController.h; sourceTree = "<group>"; };
		99C5321F1DC885D90068A114 /* ContainerViewController.m */ = {isa = PBXFileReference; fileEncoding = 4; lastKnownFileType = sourcecode.c.objc; path = ContainerViewController.m; sourceTree = "<group>"; };
		99C532201DC885D90068A114 /* ELRootTableViewController.h */ = {isa = PBXFileReference; fileEncoding = 4; lastKnownFileType = sourcecode.c.h; path = ELRootTableViewController.h; sourceTree = "<group>"; };
		99C532211DC885D90068A114 /* ELRootTableViewController.m */ = {isa = PBXFileReference; fileEncoding = 4; lastKnownFileType = sourcecode.c.objc; path = ELRootTableViewController.m; sourceTree = "<group>"; };
		99C532221DC885D90068A114 /* FlexableViewController.h */ = {isa = PBXFileReference; fileEncoding = 4; lastKnownFileType = sourcecode.c.h; path = FlexableViewController.h; sourceTree = "<group>"; };
		99C532231DC885D90068A114 /* FlexableViewController.m */ = {isa = PBXFileReference; fileEncoding = 4; lastKnownFileType = sourcecode.c.objc; path = FlexableViewController.m; sourceTree = "<group>"; };
		99C532241DC885D90068A114 /* FlexableViewController.xib */ = {isa = PBXFileReference; fileEncoding = 4; lastKnownFileType = file.xib; path = FlexableViewController.xib; sourceTree = "<group>"; };
		99C532251DC885D90068A114 /* FourthViewController.h */ = {isa = PBXFileReference; fileEncoding = 4; lastKnownFileType = sourcecode.c.h; path = FourthViewController.h; sourceTree = "<group>"; };
		99C532261DC885D90068A114 /* FourthViewController.m */ = {isa = PBXFileReference; fileEncoding = 4; lastKnownFileType = sourcecode.c.objc; path = FourthViewController.m; sourceTree = "<group>"; };
		99C532271DC885D90068A114 /* FourthViewController.xib */ = {isa = PBXFileReference; fileEncoding = 4; lastKnownFileType = file.xib; path = FourthViewController.xib; sourceTree = "<group>"; };
		99C532281DC885D90068A114 /* LaunchScreen.storyboard */ = {isa = PBXFileReference; fileEncoding = 4; lastKnownFileType = file.storyboard; path = LaunchScreen.storyboard; sourceTree = "<group>"; };
		99C532291DC885D90068A114 /* Main.storyboard */ = {isa = PBXFileReference; fileEncoding = 4; lastKnownFileType = file.storyboard; path = Main.storyboard; sourceTree = "<group>"; };
		99C5322A1DC885D90068A114 /* SecondViewController.h */ = {isa = PBXFileReference; fileEncoding = 4; lastKnownFileType = sourcecode.c.h; path = SecondViewController.h; sourceTree = "<group>"; };
		99C5322B1DC885D90068A114 /* SecondViewController.m */ = {isa = PBXFileReference; fileEncoding = 4; lastKnownFileType = sourcecode.c.objc; path = SecondViewController.m; sourceTree = "<group>"; };
		99C5322C1DC885D90068A114 /* SecondViewController.xib */ = {isa = PBXFileReference; fileEncoding = 4; lastKnownFileType = file.xib; path = SecondViewController.xib; sourceTree = "<group>"; };
		99C5322D1DC885D90068A114 /* SubViewcontroller.h */ = {isa = PBXFileReference; fileEncoding = 4; lastKnownFileType = sourcecode.c.h; path = SubViewcontroller.h; sourceTree = "<group>"; };
		99C5322E1DC885D90068A114 /* SubViewcontroller.m */ = {isa = PBXFileReference; fileEncoding = 4; lastKnownFileType = sourcecode.c.objc; path = SubViewcontroller.m; sourceTree = "<group>"; };
		99C5322F1DC885D90068A114 /* SubViewcontroller.xib */ = {isa = PBXFileReference; fileEncoding = 4; lastKnownFileType = file.xib; path = SubViewcontroller.xib; sourceTree = "<group>"; };
		99C532301DC885D90068A114 /* ThirdViewController.h */ = {isa = PBXFileReference; fileEncoding = 4; lastKnownFileType = sourcecode.c.h; path = ThirdViewController.h; sourceTree = "<group>"; };
		99C532311DC885D90068A114 /* ThirdViewController.m */ = {isa = PBXFileReference; fileEncoding = 4; lastKnownFileType = sourcecode.c.objc; path = ThirdViewController.m; sourceTree = "<group>"; };
		99C532321DC885D90068A114 /* ThirdViewController.xib */ = {isa = PBXFileReference; fileEncoding = 4; lastKnownFileType = file.xib; path = ThirdViewController.xib; sourceTree = "<group>"; };
		99C532471DC88C750068A114 /* UIControlTestViewController.h */ = {isa = PBXFileReference; fileEncoding = 4; lastKnownFileType = sourcecode.c.h; path = UIControlTestViewController.h; sourceTree = "<group>"; };
		99C532481DC88C750068A114 /* UIControlTestViewController.m */ = {isa = PBXFileReference; fileEncoding = 4; lastKnownFileType = sourcecode.c.objc; path = UIControlTestViewController.m; sourceTree = "<group>"; };
		99D831BF1DDD8FD200531EAF /* PushPopTest1ViewController.h */ = {isa = PBXFileReference; fileEncoding = 4; lastKnownFileType = sourcecode.c.h; path = PushPopTest1ViewController.h; sourceTree = "<group>"; };
		99D831C01DDD8FD200531EAF /* PushPopTest1ViewController.m */ = {isa = PBXFileReference; fileEncoding = 4; lastKnownFileType = sourcecode.c.objc; path = PushPopTest1ViewController.m; sourceTree = "<group>"; };
		99D831C21DDD8FE400531EAF /* PushPopTest2ViewController.h */ = {isa = PBXFileReference; fileEncoding = 4; lastKnownFileType = sourcecode.c.h; path = PushPopTest2ViewController.h; sourceTree = "<group>"; };
		99D831C31DDD8FE400531EAF /* PushPopTest2ViewController.m */ = {isa = PBXFileReference; fileEncoding = 4; lastKnownFileType = sourcecode.c.objc; path = PushPopTest2ViewController.m; sourceTree = "<group>"; };
		99D831C51DDD8FFA00531EAF /* PushPopTest3ViewController.h */ = {isa = PBXFileReference; fileEncoding = 4; lastKnownFileType = sourcecode.c.h; path = PushPopTest3ViewController.h; sourceTree = "<group>"; };
		99D831C61DDD8FFA00531EAF /* PushPopTest3ViewController.m */ = {isa = PBXFileReference; fileEncoding = 4; lastKnownFileType = sourcecode.c.objc; path = PushPopTest3ViewController.m; sourceTree = "<group>"; };
		99D831C81DDD900F00531EAF /* PushPopTest4ViewController.h */ = {isa = PBXFileReference; fileEncoding = 4; lastKnownFileType = sourcecode.c.h; path = PushPopTest4ViewController.h; sourceTree = "<group>"; };
		99D831C91DDD900F00531EAF /* PushPopTest4ViewController.m */ = {isa = PBXFileReference; fileEncoding = 4; lastKnownFileType = sourcecode.c.objc; path = PushPopTest4ViewController.m; sourceTree = "<group>"; };
		99D831E71DDEEEFC00531EAF /* ContextBasedContainerViewController.h */ = {isa = PBXFileReference; fileEncoding = 4; lastKnownFileType = sourcecode.c.h; path = ContextBasedContainerViewController.h; sourceTree = "<group>"; };
		99D831E81DDEEEFC00531EAF /* ContextBasedContainerViewController.m */ = {isa = PBXFileReference; fileEncoding = 4; lastKnownFileType = sourcecode.c.objc; path = ContextBasedContainerViewController.m; sourceTree = "<group>"; };
		99F207CD1DCAE14D002AE993 /* ScrollTitleBarTestViewController.h */ = {isa = PBXFileReference; fileEncoding = 4; lastKnownFileType = sourcecode.c.h; path = ScrollTitleBarTestViewController.h; sourceTree = "<group>"; };
		99F207CE1DCAE14D002AE993 /* ScrollTitleBarTestViewController.m */ = {isa = PBXFileReference; fileEncoding = 4; lastKnownFileType = sourcecode.c.objc; path = ScrollTitleBarTestViewController.m; sourceTree = "<group>"; };
		99F207DA1DCB1AF8002AE993 /* FlexCollectionViewCell.h */ = {isa = PBXFileReference; fileEncoding = 4; lastKnownFileType = sourcecode.c.h; path = FlexCollectionViewCell.h; sourceTree = "<group>"; };
		99F207DB1DCB1AF8002AE993 /* FlexCollectionViewCell.m */ = {isa = PBXFileReference; fileEncoding = 4; lastKnownFileType = sourcecode.c.objc; path = FlexCollectionViewCell.m; sourceTree = "<group>"; };
		D933861FEFFDDF25B473A94C /* Pods-ELUnion_Example.debug.xcconfig */ = {isa = PBXFileReference; includeInIndex = 1; lastKnownFileType = text.xcconfig; name = "Pods-ELUnion_Example.debug.xcconfig"; path = "Pods/Target Support Files/Pods-ELUnion_Example/Pods-ELUnion_Example.debug.xcconfig"; sourceTree = "<group>"; };
		DA33DC42551935151BACB429 /* LICENSE */ = {isa = PBXFileReference; includeInIndex = 1; lastKnownFileType = text; name = LICENSE; path = ../LICENSE; sourceTree = "<group>"; };
/* End PBXFileReference section */

/* Begin PBXFrameworksBuildPhase section */
		6003F587195388D20070C39A /* Frameworks */ = {
			isa = PBXFrameworksBuildPhase;
			buildActionMask = 2147483647;
			files = (
				6003F590195388D20070C39A /* CoreGraphics.framework in Frameworks */,
				6003F592195388D20070C39A /* UIKit.framework in Frameworks */,
				6003F58E195388D20070C39A /* Foundation.framework in Frameworks */,
				34F975F80296B5789ED77BBF /* libPods-ELUnion_Example.a in Frameworks */,
			);
			runOnlyForDeploymentPostprocessing = 0;
		};
		6003F5AB195388D20070C39A /* Frameworks */ = {
			isa = PBXFrameworksBuildPhase;
			buildActionMask = 2147483647;
			files = (
				6003F5B0195388D20070C39A /* XCTest.framework in Frameworks */,
				6003F5B2195388D20070C39A /* UIKit.framework in Frameworks */,
				6003F5B1195388D20070C39A /* Foundation.framework in Frameworks */,
			);
			runOnlyForDeploymentPostprocessing = 0;
		};
/* End PBXFrameworksBuildPhase section */

/* Begin PBXGroup section */
		6003F581195388D10070C39A = {
			isa = PBXGroup;
			children = (
				60FF7A9C1954A5C5007DD14C /* Podspec Metadata */,
				6003F593195388D20070C39A /* Example for ELUnion */,
				6003F5B5195388D20070C39A /* Tests */,
				6003F58C195388D20070C39A /* Frameworks */,
				6003F58B195388D20070C39A /* Products */,
				F846FB253E0A723BB661A868 /* Pods */,
			);
			sourceTree = "<group>";
		};
		6003F58B195388D20070C39A /* Products */ = {
			isa = PBXGroup;
			children = (
				6003F58A195388D20070C39A /* ELUnion_Example.app */,
				6003F5AE195388D20070C39A /* ELUnion_Tests.xctest */,
			);
			name = Products;
			sourceTree = "<group>";
		};
		6003F58C195388D20070C39A /* Frameworks */ = {
			isa = PBXGroup;
			children = (
				6003F58D195388D20070C39A /* Foundation.framework */,
				6003F58F195388D20070C39A /* CoreGraphics.framework */,
				6003F591195388D20070C39A /* UIKit.framework */,
				6003F5AF195388D20070C39A /* XCTest.framework */,
				4A9C8227971A6C6169787E39 /* libPods-ELUnion_Example.a */,
			);
			name = Frameworks;
			sourceTree = "<group>";
		};
		6003F593195388D20070C39A /* Example for ELUnion */ = {
			isa = PBXGroup;
			children = (
				6003F59C195388D20070C39A /* ELAppDelegate.h */,
				6003F59D195388D20070C39A /* ELAppDelegate.m */,
				99C532201DC885D90068A114 /* ELRootTableViewController.h */,
				99C532211DC885D90068A114 /* ELRootTableViewController.m */,
				99C5321B1DC885D90068A114 /* AlertContainerViewController.h */,
				99C5321C1DC885D90068A114 /* AlertContainerViewController.m */,
				99C5321D1DC885D90068A114 /* AlertContainerViewController.xib */,
				99C5321E1DC885D90068A114 /* ContainerViewController.h */,
				99C5321F1DC885D90068A114 /* ContainerViewController.m */,
				99C532221DC885D90068A114 /* FlexableViewController.h */,
				99C532231DC885D90068A114 /* FlexableViewController.m */,
				99C532241DC885D90068A114 /* FlexableViewController.xib */,
				99C532251DC885D90068A114 /* FourthViewController.h */,
				99C532261DC885D90068A114 /* FourthViewController.m */,
				99C532271DC885D90068A114 /* FourthViewController.xib */,
				99C532281DC885D90068A114 /* LaunchScreen.storyboard */,
				99C532291DC885D90068A114 /* Main.storyboard */,
				99C5322A1DC885D90068A114 /* SecondViewController.h */,
				99C5322B1DC885D90068A114 /* SecondViewController.m */,
				99C5322C1DC885D90068A114 /* SecondViewController.xib */,
				99C5322D1DC885D90068A114 /* SubViewcontroller.h */,
				99C5322E1DC885D90068A114 /* SubViewcontroller.m */,
				99C5322F1DC885D90068A114 /* SubViewcontroller.xib */,
				99C532301DC885D90068A114 /* ThirdViewController.h */,
				99C532311DC885D90068A114 /* ThirdViewController.m */,
				99C532321DC885D90068A114 /* ThirdViewController.xib */,
				99C532471DC88C750068A114 /* UIControlTestViewController.h */,
				99C532481DC88C750068A114 /* UIControlTestViewController.m */,
				99F207CD1DCAE14D002AE993 /* ScrollTitleBarTestViewController.h */,
				99F207CE1DCAE14D002AE993 /* ScrollTitleBarTestViewController.m */,
				993082391DD41C8400DEF975 /* PresentTestViewController.h */,
				9930823A1DD41C8400DEF975 /* PresentTestViewController.m */,
				9930823C1DD41C9700DEF975 /* DismissTestViewController.h */,
				9930823D1DD41C9700DEF975 /* DismissTestViewController.m */,
				99F207DA1DCB1AF8002AE993 /* FlexCollectionViewCell.h */,
				99F207DB1DCB1AF8002AE993 /* FlexCollectionViewCell.m */,
				371043481DCDDB20001AA075 /* LoadingViewTestViewController.h */,
				371043491DCDDB20001AA075 /* LoadingViewTestViewController.m */,
				372C8CCD1DD2165F008069E8 /* ELNavigationController.h */,
				372C8CCE1DD2165F008069E8 /* ELNavigationController.m */,
				372C8CD01DD2167D008069E8 /* ELNavigationRootViewController.h */,
				372C8CD11DD2167D008069E8 /* ELNavigationRootViewController.m */,
				99D831BF1DDD8FD200531EAF /* PushPopTest1ViewController.h */,
				99D831C01DDD8FD200531EAF /* PushPopTest1ViewController.m */,
				99D831C21DDD8FE400531EAF /* PushPopTest2ViewController.h */,
				99D831C31DDD8FE400531EAF /* PushPopTest2ViewController.m */,
				99D831C51DDD8FFA00531EAF /* PushPopTest3ViewController.h */,
				99D831C61DDD8FFA00531EAF /* PushPopTest3ViewController.m */,
				99D831C81DDD900F00531EAF /* PushPopTest4ViewController.h */,
				99D831C91DDD900F00531EAF /* PushPopTest4ViewController.m */,
				9900D0501DD565F800FD626C /* ShareTestViewController.h */,
				9900D0511DD565F800FD626C /* ShareTestViewController.m */,
				99D831E71DDEEEFC00531EAF /* ContextBasedContainerViewController.h */,
				99D831E81DDEEEFC00531EAF /* ContextBasedContainerViewController.m */,
				99A2D7061DD9C0C7002379A7 /* NewsCardTestViewController.h */,
				99A2D7071DD9C0C7002379A7 /* NewsCardTestViewController.m */,
				9900D0551DD56B2200FD626C /* 方框橙色.png */,
				6003F5A8195388D20070C39A /* Images.xcassets */,
				6003F594195388D20070C39A /* Supporting Files */,
			);
			name = "Example for ELUnion";
			path = ELUnion;
			sourceTree = "<group>";
		};
		6003F594195388D20070C39A /* Supporting Files */ = {
			isa = PBXGroup;
			children = (
				6003F595195388D20070C39A /* ELUnion-Info.plist */,
				6003F596195388D20070C39A /* InfoPlist.strings */,
				6003F599195388D20070C39A /* main.m */,
				6003F59B195388D20070C39A /* ELUnion-Prefix.pch */,
			);
			name = "Supporting Files";
			sourceTree = "<group>";
		};
		6003F5B5195388D20070C39A /* Tests */ = {
			isa = PBXGroup;
			children = (
				6003F5BB195388D20070C39A /* Tests.m */,
				6003F5B6195388D20070C39A /* Supporting Files */,
			);
			path = Tests;
			sourceTree = "<group>";
		};
		6003F5B6195388D20070C39A /* Supporting Files */ = {
			isa = PBXGroup;
			children = (
				6003F5B7195388D20070C39A /* Tests-Info.plist */,
				6003F5B8195388D20070C39A /* InfoPlist.strings */,
				606FC2411953D9B200FFA9A0 /* Tests-Prefix.pch */,
			);
			name = "Supporting Files";
			sourceTree = "<group>";
		};
		60FF7A9C1954A5C5007DD14C /* Podspec Metadata */ = {
			isa = PBXGroup;
			children = (
				6071DDA1DFDC626563DDB019 /* ELUnion.podspec */,
				24226095BD96CBE22F630693 /* README.md */,
				DA33DC42551935151BACB429 /* LICENSE */,
			);
			name = "Podspec Metadata";
			sourceTree = "<group>";
		};
		F846FB253E0A723BB661A868 /* Pods */ = {
			isa = PBXGroup;
			children = (
				D933861FEFFDDF25B473A94C /* Pods-ELUnion_Example.debug.xcconfig */,
				36761A0343DD8E36C6A22636 /* Pods-ELUnion_Example.release.xcconfig */,
			);
			name = Pods;
			sourceTree = "<group>";
		};
/* End PBXGroup section */

/* Begin PBXNativeTarget section */
		6003F589195388D20070C39A /* ELUnion_Example */ = {
			isa = PBXNativeTarget;
			buildConfigurationList = 6003F5BF195388D20070C39A /* Build configuration list for PBXNativeTarget "ELUnion_Example" */;
			buildPhases = (
				1014EB431F197AEC87D771D9 /* [CP] Check Pods Manifest.lock */,
				03E094CFDE945F5D6E687D05 /* [CP] Check Pods Manifest.lock */,
				AC4F58F8AEA378815B815536 /* [CP] Check Pods Manifest.lock */,
				6003F586195388D20070C39A /* Sources */,
				6003F587195388D20070C39A /* Frameworks */,
				6003F588195388D20070C39A /* Resources */,
				422EC0D575A1C3282AFFED61 /* [CP] Embed Pods Frameworks */,
				43371E1605B39A1DD000FDFC /* [CP] Copy Pods Resources */,
				D9C4B148576790BE66B311DA /* 📦 Embed Pods Frameworks */,
				3CC3338FFD531DC1C84C9C6D /* 📦 Copy Pods Resources */,
			);
			buildRules = (
			);
			dependencies = (
			);
			name = ELUnion_Example;
			productName = ELUnion;
			productReference = 6003F58A195388D20070C39A /* ELUnion_Example.app */;
			productType = "com.apple.product-type.application";
		};
		6003F5AD195388D20070C39A /* ELUnion_Tests */ = {
			isa = PBXNativeTarget;
			buildConfigurationList = 6003F5C2195388D20070C39A /* Build configuration list for PBXNativeTarget "ELUnion_Tests" */;
			buildPhases = (
				6003F5AA195388D20070C39A /* Sources */,
				6003F5AB195388D20070C39A /* Frameworks */,
				6003F5AC195388D20070C39A /* Resources */,
			);
			buildRules = (
			);
			dependencies = (
				6003F5B4195388D20070C39A /* PBXTargetDependency */,
			);
			name = ELUnion_Tests;
			productName = ELUnionTests;
			productReference = 6003F5AE195388D20070C39A /* ELUnion_Tests.xctest */;
			productType = "com.apple.product-type.bundle.unit-test";
		};
/* End PBXNativeTarget section */

/* Begin PBXProject section */
		6003F582195388D10070C39A /* Project object */ = {
			isa = PBXProject;
			attributes = {
				CLASSPREFIX = EL;
				LastUpgradeCheck = 0720;
				ORGANIZATIONNAME = NicolasKim;
				TargetAttributes = {
					6003F589195388D20070C39A = {
						DevelopmentTeam = 3K8GZR3Q2S;
						ProvisioningStyle = Automatic;
					};
					6003F5AD195388D20070C39A = {
						TestTargetID = 6003F589195388D20070C39A;
					};
				};
			};
			buildConfigurationList = 6003F585195388D10070C39A /* Build configuration list for PBXProject "ELUnion" */;
			compatibilityVersion = "Xcode 3.2";
			developmentRegion = English;
			hasScannedForEncodings = 0;
			knownRegions = (
				en,
				Base,
			);
			mainGroup = 6003F581195388D10070C39A;
			productRefGroup = 6003F58B195388D20070C39A /* Products */;
			projectDirPath = "";
			projectRoot = "";
			targets = (
				6003F589195388D20070C39A /* ELUnion_Example */,
				6003F5AD195388D20070C39A /* ELUnion_Tests */,
			);
		};
/* End PBXProject section */

/* Begin PBXResourcesBuildPhase section */
		6003F588195388D20070C39A /* Resources */ = {
			isa = PBXResourcesBuildPhase;
			buildActionMask = 2147483647;
			files = (
				99C5323C1DC885D90068A114 /* Main.storyboard in Resources */,
				6003F5A9195388D20070C39A /* Images.xcassets in Resources */,
				9900D0561DD56B2200FD626C /* 方框橙色.png in Resources */,
				99C532381DC885D90068A114 /* FlexableViewController.xib in Resources */,
				99C5323A1DC885D90068A114 /* FourthViewController.xib in Resources */,
				99C5323E1DC885D90068A114 /* SecondViewController.xib in Resources */,
				99C5323B1DC885D90068A114 /* LaunchScreen.storyboard in Resources */,
				99C532341DC885D90068A114 /* AlertContainerViewController.xib in Resources */,
				99C532401DC885D90068A114 /* SubViewcontroller.xib in Resources */,
				99C532421DC885D90068A114 /* ThirdViewController.xib in Resources */,
				6003F598195388D20070C39A /* InfoPlist.strings in Resources */,
			);
			runOnlyForDeploymentPostprocessing = 0;
		};
		6003F5AC195388D20070C39A /* Resources */ = {
			isa = PBXResourcesBuildPhase;
			buildActionMask = 2147483647;
			files = (
				6003F5BA195388D20070C39A /* InfoPlist.strings in Resources */,
			);
			runOnlyForDeploymentPostprocessing = 0;
		};
/* End PBXResourcesBuildPhase section */

/* Begin PBXShellScriptBuildPhase section */
		03E094CFDE945F5D6E687D05 /* [CP] Check Pods Manifest.lock */ = {
			isa = PBXShellScriptBuildPhase;
			buildActionMask = 2147483647;
			files = (
			);
			inputPaths = (
			);
			name = "[CP] Check Pods Manifest.lock";
			outputPaths = (
			);
			runOnlyForDeploymentPostprocessing = 0;
			shellPath = /bin/sh;
			shellScript = "diff \"${PODS_ROOT}/../Podfile.lock\" \"${PODS_ROOT}/Manifest.lock\" > /dev/null\nif [ $? != 0 ] ; then\n    # print error to STDERR\n    echo \"error: The sandbox is not in sync with the Podfile.lock. Run \'pod install\' or update your CocoaPods installation.\" >&2\n    exit 1\nfi\n";
			showEnvVarsInLog = 0;
		};
		1014EB431F197AEC87D771D9 /* [CP] Check Pods Manifest.lock */ = {
			isa = PBXShellScriptBuildPhase;
			buildActionMask = 2147483647;
			files = (
			);
			inputPaths = (
			);
			name = "[CP] Check Pods Manifest.lock";
			outputPaths = (
			);
			runOnlyForDeploymentPostprocessing = 0;
			shellPath = /bin/sh;
			shellScript = "diff \"${PODS_ROOT}/../Podfile.lock\" \"${PODS_ROOT}/Manifest.lock\" > /dev/null\nif [ $? != 0 ] ; then\n    # print error to STDERR\n    echo \"error: The sandbox is not in sync with the Podfile.lock. Run \'pod install\' or update your CocoaPods installation.\" >&2\n    exit 1\nfi\n";
			showEnvVarsInLog = 0;
		};
		3CC3338FFD531DC1C84C9C6D /* 📦 Copy Pods Resources */ = {
			isa = PBXShellScriptBuildPhase;
			buildActionMask = 2147483647;
			files = (
			);
			inputPaths = (
			);
			name = "📦 Copy Pods Resources";
			outputPaths = (
			);
			runOnlyForDeploymentPostprocessing = 0;
			shellPath = /bin/sh;
			shellScript = "\"${SRCROOT}/Pods/Target Support Files/Pods-ELUnion_Example/Pods-ELUnion_Example-resources.sh\"\n";
			showEnvVarsInLog = 0;
		};
		422EC0D575A1C3282AFFED61 /* [CP] Embed Pods Frameworks */ = {
			isa = PBXShellScriptBuildPhase;
			buildActionMask = 2147483647;
			files = (
			);
			inputPaths = (
			);
			name = "[CP] Embed Pods Frameworks";
			outputPaths = (
			);
			runOnlyForDeploymentPostprocessing = 0;
			shellPath = /bin/sh;
			shellScript = "\"${SRCROOT}/Pods/Target Support Files/Pods-ELUnion_Example/Pods-ELUnion_Example-frameworks.sh\"\n";
			showEnvVarsInLog = 0;
		};
		43371E1605B39A1DD000FDFC /* [CP] Copy Pods Resources */ = {
			isa = PBXShellScriptBuildPhase;
			buildActionMask = 2147483647;
			files = (
			);
			inputPaths = (
			);
			name = "[CP] Copy Pods Resources";
			outputPaths = (
			);
			runOnlyForDeploymentPostprocessing = 0;
			shellPath = /bin/sh;
			shellScript = "\"${SRCROOT}/Pods/Target Support Files/Pods-ELUnion_Example/Pods-ELUnion_Example-resources.sh\"\n";
			showEnvVarsInLog = 0;
		};
		AC4F58F8AEA378815B815536 /* [CP] Check Pods Manifest.lock */ = {
			isa = PBXShellScriptBuildPhase;
			buildActionMask = 2147483647;
			files = (
			);
			inputPaths = (
			);
			name = "[CP] Check Pods Manifest.lock";
			outputPaths = (
			);
			runOnlyForDeploymentPostprocessing = 0;
			shellPath = /bin/sh;
			shellScript = "diff \"${PODS_ROOT}/../Podfile.lock\" \"${PODS_ROOT}/Manifest.lock\" > /dev/null\nif [ $? != 0 ] ; then\n    # print error to STDERR\n    echo \"error: The sandbox is not in sync with the Podfile.lock. Run \'pod install\' or update your CocoaPods installation.\" >&2\n    exit 1\nfi\n";
			showEnvVarsInLog = 0;
		};
		D9C4B148576790BE66B311DA /* 📦 Embed Pods Frameworks */ = {
			isa = PBXShellScriptBuildPhase;
			buildActionMask = 2147483647;
			files = (
			);
			inputPaths = (
			);
			name = "📦 Embed Pods Frameworks";
			outputPaths = (
			);
			runOnlyForDeploymentPostprocessing = 0;
			shellPath = /bin/sh;
			shellScript = "\"${SRCROOT}/Pods/Target Support Files/Pods-ELUnion_Example/Pods-ELUnion_Example-frameworks.sh\"\n";
			showEnvVarsInLog = 0;
		};
/* End PBXShellScriptBuildPhase section */

/* Begin PBXSourcesBuildPhase section */
		6003F586195388D20070C39A /* Sources */ = {
			isa = PBXSourcesBuildPhase;
			buildActionMask = 2147483647;
			files = (
				6003F59E195388D20070C39A /* ELAppDelegate.m in Sources */,
				6003F59A195388D20070C39A /* main.m in Sources */,
				9900D0521DD565F800FD626C /* ShareTestViewController.m in Sources */,
				99C532351DC885D90068A114 /* ContainerViewController.m in Sources */,
				99C532361DC885D90068A114 /* ELRootTableViewController.m in Sources */,
				99A2D7081DD9C0C7002379A7 /* NewsCardTestViewController.m in Sources */,
				99C5323D1DC885D90068A114 /* SecondViewController.m in Sources */,
				99C5323F1DC885D90068A114 /* SubViewcontroller.m in Sources */,
				99F207CF1DCAE14D002AE993 /* ScrollTitleBarTestViewController.m in Sources */,
				99D831CA1DDD900F00531EAF /* PushPopTest4ViewController.m in Sources */,
				99D831E91DDEEEFC00531EAF /* ContextBasedContainerViewController.m in Sources */,
				99C532491DC88C750068A114 /* UIControlTestViewController.m in Sources */,
				372C8CCF1DD2165F008069E8 /* ELNavigationController.m in Sources */,
				99D831C41DDD8FE400531EAF /* PushPopTest2ViewController.m in Sources */,
				99F207DD1DCB1AF8002AE993 /* FlexCollectionViewCell.m in Sources */,
				99C532411DC885D90068A114 /* ThirdViewController.m in Sources */,
				9930823E1DD41C9700DEF975 /* DismissTestViewController.m in Sources */,
				99C532331DC885D90068A114 /* AlertContainerViewController.m in Sources */,
				99C532391DC885D90068A114 /* FourthViewController.m in Sources */,
				9930823B1DD41C8400DEF975 /* PresentTestViewController.m in Sources */,
				3710434A1DCDDB20001AA075 /* LoadingViewTestViewController.m in Sources */,
				99D831C11DDD8FD200531EAF /* PushPopTest1ViewController.m in Sources */,
				372C8CD21DD2167D008069E8 /* ELNavigationRootViewController.m in Sources */,
				99D831C71DDD8FFA00531EAF /* PushPopTest3ViewController.m in Sources */,
				99C532371DC885D90068A114 /* FlexableViewController.m in Sources */,
			);
			runOnlyForDeploymentPostprocessing = 0;
		};
		6003F5AA195388D20070C39A /* Sources */ = {
			isa = PBXSourcesBuildPhase;
			buildActionMask = 2147483647;
			files = (
				6003F5BC195388D20070C39A /* Tests.m in Sources */,
			);
			runOnlyForDeploymentPostprocessing = 0;
		};
/* End PBXSourcesBuildPhase section */

/* Begin PBXTargetDependency section */
		6003F5B4195388D20070C39A /* PBXTargetDependency */ = {
			isa = PBXTargetDependency;
			target = 6003F589195388D20070C39A /* ELUnion_Example */;
			targetProxy = 6003F5B3195388D20070C39A /* PBXContainerItemProxy */;
		};
/* End PBXTargetDependency section */

/* Begin PBXVariantGroup section */
		6003F596195388D20070C39A /* InfoPlist.strings */ = {
			isa = PBXVariantGroup;
			children = (
				6003F597195388D20070C39A /* en */,
			);
			name = InfoPlist.strings;
			sourceTree = "<group>";
		};
		6003F5B8195388D20070C39A /* InfoPlist.strings */ = {
			isa = PBXVariantGroup;
			children = (
				6003F5B9195388D20070C39A /* en */,
			);
			name = InfoPlist.strings;
			sourceTree = "<group>";
		};
/* End PBXVariantGroup section */

/* Begin XCBuildConfiguration section */
		6003F5BD195388D20070C39A /* Debug */ = {
			isa = XCBuildConfiguration;
			buildSettings = {
				ALWAYS_SEARCH_USER_PATHS = NO;
				CLANG_CXX_LANGUAGE_STANDARD = "gnu++0x";
				CLANG_CXX_LIBRARY = "libc++";
				CLANG_ENABLE_MODULES = YES;
				CLANG_ENABLE_OBJC_ARC = YES;
				CLANG_WARN_BOOL_CONVERSION = YES;
				CLANG_WARN_CONSTANT_CONVERSION = YES;
				CLANG_WARN_DIRECT_OBJC_ISA_USAGE = YES_ERROR;
				CLANG_WARN_EMPTY_BODY = YES;
				CLANG_WARN_ENUM_CONVERSION = YES;
				CLANG_WARN_INT_CONVERSION = YES;
				CLANG_WARN_OBJC_ROOT_CLASS = YES_ERROR;
				CLANG_WARN__DUPLICATE_METHOD_MATCH = YES;
				"CODE_SIGN_IDENTITY[sdk=iphoneos*]" = "iPhone Developer";
				COPY_PHASE_STRIP = NO;
				ENABLE_TESTABILITY = YES;
				GCC_C_LANGUAGE_STANDARD = gnu99;
				GCC_DYNAMIC_NO_PIC = NO;
				GCC_OPTIMIZATION_LEVEL = 0;
				GCC_PREPROCESSOR_DEFINITIONS = (
					"DEBUG=1",
					"$(inherited)",
				);
				GCC_SYMBOLS_PRIVATE_EXTERN = NO;
				GCC_WARN_64_TO_32_BIT_CONVERSION = YES;
				GCC_WARN_ABOUT_RETURN_TYPE = YES_ERROR;
				GCC_WARN_UNDECLARED_SELECTOR = YES;
				GCC_WARN_UNINITIALIZED_AUTOS = YES_AGGRESSIVE;
				GCC_WARN_UNUSED_FUNCTION = YES;
				GCC_WARN_UNUSED_VARIABLE = YES;
				IPHONEOS_DEPLOYMENT_TARGET = 8.3;
				ONLY_ACTIVE_ARCH = YES;
				SDKROOT = iphoneos;
				TARGETED_DEVICE_FAMILY = "1,2";
			};
			name = Debug;
		};
		6003F5BE195388D20070C39A /* Release */ = {
			isa = XCBuildConfiguration;
			buildSettings = {
				ALWAYS_SEARCH_USER_PATHS = NO;
				CLANG_CXX_LANGUAGE_STANDARD = "gnu++0x";
				CLANG_CXX_LIBRARY = "libc++";
				CLANG_ENABLE_MODULES = YES;
				CLANG_ENABLE_OBJC_ARC = YES;
				CLANG_WARN_BOOL_CONVERSION = YES;
				CLANG_WARN_CONSTANT_CONVERSION = YES;
				CLANG_WARN_DIRECT_OBJC_ISA_USAGE = YES_ERROR;
				CLANG_WARN_EMPTY_BODY = YES;
				CLANG_WARN_ENUM_CONVERSION = YES;
				CLANG_WARN_INT_CONVERSION = YES;
				CLANG_WARN_OBJC_ROOT_CLASS = YES_ERROR;
				CLANG_WARN__DUPLICATE_METHOD_MATCH = YES;
				"CODE_SIGN_IDENTITY[sdk=iphoneos*]" = "iPhone Developer";
				COPY_PHASE_STRIP = YES;
				ENABLE_NS_ASSERTIONS = NO;
				GCC_C_LANGUAGE_STANDARD = gnu99;
				GCC_WARN_64_TO_32_BIT_CONVERSION = YES;
				GCC_WARN_ABOUT_RETURN_TYPE = YES_ERROR;
				GCC_WARN_UNDECLARED_SELECTOR = YES;
				GCC_WARN_UNINITIALIZED_AUTOS = YES_AGGRESSIVE;
				GCC_WARN_UNUSED_FUNCTION = YES;
				GCC_WARN_UNUSED_VARIABLE = YES;
				IPHONEOS_DEPLOYMENT_TARGET = 8.3;
				SDKROOT = iphoneos;
				TARGETED_DEVICE_FAMILY = "1,2";
				VALIDATE_PRODUCT = YES;
			};
			name = Release;
		};
		6003F5C0195388D20070C39A /* Debug */ = {
			isa = XCBuildConfiguration;
			baseConfigurationReference = D933861FEFFDDF25B473A94C /* Pods-ELUnion_Example.debug.xcconfig */;
			buildSettings = {
				ASSETCATALOG_COMPILER_APPICON_NAME = AppIcon;
				"CODE_SIGN_IDENTITY[sdk=iphoneos*]" = "iPhone Developer";
				DEVELOPMENT_TEAM = 3K8GZR3Q2S;
				FRAMEWORK_SEARCH_PATHS = "$(inherited)";
				GCC_PRECOMPILE_PREFIX_HEADER = YES;
				GCC_PREFIX_HEADER = "ELUnion/ELUnion-Prefix.pch";
				INFOPLIST_FILE = "ELUnion/ELUnion-Info.plist";
				LIBRARY_SEARCH_PATHS = "$(inherited)";
				MODULE_NAME = ExampleApp;
				OTHER_LDFLAGS = "$(inherited)";
				PRODUCT_BUNDLE_IDENTIFIER = cn.intradak.elottery;
				PRODUCT_NAME = "$(TARGET_NAME)";
				PROVISIONING_PROFILE = "";
				PROVISIONING_PROFILE_SPECIFIER = "";
				WRAPPER_EXTENSION = app;
			};
			name = Debug;
		};
		6003F5C1195388D20070C39A /* Release */ = {
			isa = XCBuildConfiguration;
			baseConfigurationReference = 36761A0343DD8E36C6A22636 /* Pods-ELUnion_Example.release.xcconfig */;
			buildSettings = {
				ASSETCATALOG_COMPILER_APPICON_NAME = AppIcon;
				"CODE_SIGN_IDENTITY[sdk=iphoneos*]" = "iPhone Developer";
				DEVELOPMENT_TEAM = 3K8GZR3Q2S;
				FRAMEWORK_SEARCH_PATHS = "$(inherited)";
				GCC_PRECOMPILE_PREFIX_HEADER = YES;
				GCC_PREFIX_HEADER = "ELUnion/ELUnion-Prefix.pch";
				INFOPLIST_FILE = "ELUnion/ELUnion-Info.plist";
				LIBRARY_SEARCH_PATHS = "$(inherited)";
				MODULE_NAME = ExampleApp;
				OTHER_LDFLAGS = "$(inherited)";
				PRODUCT_BUNDLE_IDENTIFIER = cn.intradak.elottery;
				PRODUCT_NAME = "$(TARGET_NAME)";
				WRAPPER_EXTENSION = app;
			};
			name = Release;
		};
		6003F5C3195388D20070C39A /* Debug */ = {
			isa = XCBuildConfiguration;
			buildSettings = {
				BUNDLE_LOADER = "$(TEST_HOST)";
				FRAMEWORK_SEARCH_PATHS = (
					"$(SDKROOT)/Developer/Library/Frameworks",
					"$(inherited)",
					"$(DEVELOPER_FRAMEWORKS_DIR)",
				);
				GCC_PRECOMPILE_PREFIX_HEADER = YES;
				GCC_PREFIX_HEADER = "Tests/Tests-Prefix.pch";
				GCC_PREPROCESSOR_DEFINITIONS = (
					"DEBUG=1",
					"$(inherited)",
				);
				INFOPLIST_FILE = "Tests/Tests-Info.plist";
				PRODUCT_BUNDLE_IDENTIFIER = "org.cocoapods.demo.${PRODUCT_NAME:rfc1034identifier}";
				PRODUCT_NAME = "$(TARGET_NAME)";
				TEST_HOST = "$(BUILT_PRODUCTS_DIR)/ELUnion_Example.app/ELUnion_Example";
				WRAPPER_EXTENSION = xctest;
			};
			name = Debug;
		};
		6003F5C4195388D20070C39A /* Release */ = {
			isa = XCBuildConfiguration;
			buildSettings = {
				BUNDLE_LOADER = "$(TEST_HOST)";
				FRAMEWORK_SEARCH_PATHS = (
					"$(SDKROOT)/Developer/Library/Frameworks",
					"$(inherited)",
					"$(DEVELOPER_FRAMEWORKS_DIR)",
				);
				GCC_PRECOMPILE_PREFIX_HEADER = YES;
				GCC_PREFIX_HEADER = "Tests/Tests-Prefix.pch";
				INFOPLIST_FILE = "Tests/Tests-Info.plist";
				PRODUCT_BUNDLE_IDENTIFIER = "org.cocoapods.demo.${PRODUCT_NAME:rfc1034identifier}";
				PRODUCT_NAME = "$(TARGET_NAME)";
				TEST_HOST = "$(BUILT_PRODUCTS_DIR)/ELUnion_Example.app/ELUnion_Example";
				WRAPPER_EXTENSION = xctest;
			};
			name = Release;
		};
/* End XCBuildConfiguration section */

/* Begin XCConfigurationList section */
		6003F585195388D10070C39A /* Build configuration list for PBXProject "ELUnion" */ = {
			isa = XCConfigurationList;
			buildConfigurations = (
				6003F5BD195388D20070C39A /* Debug */,
				6003F5BE195388D20070C39A /* Release */,
			);
			defaultConfigurationIsVisible = 0;
			defaultConfigurationName = Release;
		};
		6003F5BF195388D20070C39A /* Build configuration list for PBXNativeTarget "ELUnion_Example" */ = {
			isa = XCConfigurationList;
			buildConfigurations = (
				6003F5C0195388D20070C39A /* Debug */,
				6003F5C1195388D20070C39A /* Release */,
			);
			defaultConfigurationIsVisible = 0;
			defaultConfigurationName = Release;
		};
		6003F5C2195388D20070C39A /* Build configuration list for PBXNativeTarget "ELUnion_Tests" */ = {
			isa = XCConfigurationList;
			buildConfigurations = (
				6003F5C3195388D20070C39A /* Debug */,
				6003F5C4195388D20070C39A /* Release */,
			);
			defaultConfigurationIsVisible = 0;
			defaultConfigurationName = Release;
		};
/* End XCConfigurationList section */
	};
	rootObject = 6003F582195388D10070C39A /* Project object */;
}
